
Microsoft Visual Studio Solution File, Format Version 12.00
# Visual Studio 15
VisualStudioVersion = 15.0.28307.757
MinimumVisualStudioVersion = 10.0.40219.1
Project("{FAE04EC0-301F-11D3-BF4B-00C04F79EFBC}") = "WinHelloUnlock", "WinHelloUnlock\WinHelloUnlock.csproj", "{28A65DC6-977F-4B7B-866B-902D746028EB}"
EndProject
Global
	GlobalSection(SolutionConfigurationPlatforms) = preSolution
		Debug|Any CPU = Debug|Any CPU
		Release|Any CPU = Release|Any CPU
	EndGlobalSection
	GlobalSection(ProjectConfigurationPlatforms) = postSolution
		{28A65DC6-977F-4B7B-866B-902D746028EB}.Debug|Any CPU.ActiveCfg = Debug|Any CPU
		{28A65DC6-977F-4B7B-866B-902D746028EB}.Debug|Any CPU.Build.0 = Debug|Any CPU
		{28A65DC6-977F-4B7B-866B-902D746028EB}.Release|Any CPU.ActiveCfg = Release|Any CPU
		{28A65DC6-977F-4B7B-866B-902D746028EB}.Release|Any CPU.Build.0 = Release|Any CPU
	EndGlobalSection
	GlobalSection(SolutionProperties) = preSolution
		HideSolutionNode = FALSE
	EndGlobalSection
	GlobalSection(ExtensibilityGlobals) = postSolution
		SolutionGuid = {67EFCDB3-135E-4707-BF06-2D69D30CCF33}
	EndGlobalSection
EndGlobal
